
Microsoft Visual Studio Solution File, Format Version 12.00
# Visual Studio Version 17
VisualStudioVersion = 17.11.35327.3
MinimumVisualStudioVersion = 10.0.40219.1
Project("{9A19103F-16F7-4668-BE54-9A1E7A4F7556}") = "ApiBrasil", "ApiBrasil.csproj", "{06D10B3C-A959-4F22-815B-6DEBEDD2DA43}"
EndProject
Global
	GlobalSection(SolutionConfigurationPlatforms) = preSolution
		Debug|Any CPU = Debug|Any CPU
		Release|Any CPU = Release|Any CPU
	EndGlobalSection
	GlobalSection(ProjectConfigurationPlatforms) = postSolution
		{06D10B3C-A959-4F22-815B-6DEBEDD2DA43}.Debug|Any CPU.ActiveCfg = Debug|Any CPU
		{06D10B3C-A959-4F22-815B-6DEBEDD2DA43}.Debug|Any CPU.Build.0 = Debug|Any CPU
		{06D10B3C-A959-4F22-815B-6DEBEDD2DA43}.Release|Any CPU.ActiveCfg = Release|Any CPU
		{06D10B3C-A959-4F22-815B-6DEBEDD2DA43}.Release|Any CPU.Build.0 = Release|Any CPU
	EndGlobalSection
	GlobalSection(SolutionProperties) = preSolution
		HideSolutionNode = FALSE
	EndGlobalSection
	GlobalSection(ExtensibilityGlobals) = postSolution
		SolutionGuid = {961AC22E-5E70-4FCF-94FF-E00885DC473B}
	EndGlobalSection
EndGlobal
